
Microsoft Visual Studio Solution File, Format Version 12.00
# Visual Studio 15
VisualStudioVersion = 15.0.28307.1022
MinimumVisualStudioVersion = 10.0.40219.1
Project("{FAE04EC0-301F-11D3-BF4B-00C04F79EFBC}") = "UNC_LogInPage", "UNC_LogInPage\UNC_LogInPage.csproj", "{25EDE63C-71C1-47A7-8C94-F019083E7380}"
EndProject
Global
	GlobalSection(SolutionConfigurationPlatforms) = preSolution
		Debug|Any CPU = Debug|Any CPU
		Release|Any CPU = Release|Any CPU
	EndGlobalSection
	GlobalSection(ProjectConfigurationPlatforms) = postSolution
		{25EDE63C-71C1-47A7-8C94-F019083E7380}.Debug|Any CPU.ActiveCfg = Debug|Any CPU
		{25EDE63C-71C1-47A7-8C94-F019083E7380}.Debug|Any CPU.Build.0 = Debug|Any CPU
		{25EDE63C-71C1-47A7-8C94-F019083E7380}.Release|Any CPU.ActiveCfg = Release|Any CPU
		{25EDE63C-71C1-47A7-8C94-F019083E7380}.Release|Any CPU.Build.0 = Release|Any CPU
	EndGlobalSection
	GlobalSection(SolutionProperties) = preSolution
		HideSolutionNode = FALSE
	EndGlobalSection
	GlobalSection(ExtensibilityGlobals) = postSolution
		SolutionGuid = {8365541A-ADBB-4AB9-BFE6-F17FB1684251}
	EndGlobalSection
EndGlobal
